{
  "name": "apex-rotor",
  "version": "0.1.0",
  "lockfileVersion": 3,
  "requires": true,
  "packages": {
    "": {
      "name": "apex-rotor",
      "version": "0.1.0",
      "dependencies": {
        "socket.io": "file:vendor/socket.io",
        "socket.io-client": "file:vendor/socket.io-client"
      },
      "devDependencies": {
        "vite": "file:vendor/vite"
      }
    },
    "node_modules/socket.io": {
      "resolved": "vendor/socket.io",
      "link": true
    },
    "node_modules/socket.io-client": {
      "resolved": "vendor/socket.io-client",
      "link": true
    },
    "node_modules/vite": {
      "resolved": "vendor/vite",
      "link": true
    },
    "vendor/socket.io": {
      "version": "4.8.1-local"
    },
    "vendor/socket.io-client": {
      "version": "4.8.1-local"
    },
    "vendor/vite": {
      "version": "7.1.12-local",
      "dev": true,
      "bin": {
        "vite": "bin/vite.js"
      }
    }
  }
}
